// !$*UTF8*$!
{
	archiveVersion = 1;
	classes = {
	};
	objectVersion = 51;
	objects = {

/* Begin PBXBuildFile section */
		0FFB5C4138720EAA61BC0F65 /* Pods_ChatTests.framework in Frameworks */ = {isa = PBXBuildFile; fileRef = 71FAA72EEB14A9DCAEF1864F /* Pods_ChatTests.framework */; };
		861C51D9242F9ABB0097D908 /* User.swift in Sources */ = {isa = PBXBuildFile; fileRef = 861C51D8242F9ABB0097D908 /* User.swift */; };
		86294BC8240ADA94000638AA /* ConversationCell.swift in Sources */ = {isa = PBXBuildFile; fileRef = 86294BC6240ADA94000638AA /* ConversationCell.swift */; };
		863615942439465600B18D27 /* ChannelsStorageManager.swift in Sources */ = {isa = PBXBuildFile; fileRef = 863615932439465600B18D27 /* ChannelsStorageManager.swift */; };
		864ED894242FF44700DD321F /* ConversationCell.xib in Resources */ = {isa = PBXBuildFile; fileRef = 864ED893242FF44700DD321F /* ConversationCell.xib */; };
		864ED896242FF44D00DD321F /* ConversationsListViewController.swift in Sources */ = {isa = PBXBuildFile; fileRef = 864ED895242FF44D00DD321F /* ConversationsListViewController.swift */; };
		864ED898242FF45100DD321F /* ConversationViewController.swift in Sources */ = {isa = PBXBuildFile; fileRef = 864ED897242FF45100DD321F /* ConversationViewController.swift */; };
		864ED89A242FF45500DD321F /* MessageCell.xib in Resources */ = {isa = PBXBuildFile; fileRef = 864ED899242FF45500DD321F /* MessageCell.xib */; };
		864ED89C242FF45B00DD321F /* NewChannelViewController.swift in Sources */ = {isa = PBXBuildFile; fileRef = 864ED89B242FF45B00DD321F /* NewChannelViewController.swift */; };
		864ED89E242FF45F00DD321F /* ProfileViewController.swift in Sources */ = {isa = PBXBuildFile; fileRef = 864ED89D242FF45E00DD321F /* ProfileViewController.swift */; };
		86514ED7242FA34E0060D62E /* PrifileStorageManager.swift in Sources */ = {isa = PBXBuildFile; fileRef = 86514ED6242FA34E0060D62E /* PrifileStorageManager.swift */; };
		8673CF69240BA95900BFE738 /* MessageCell.swift in Sources */ = {isa = PBXBuildFile; fileRef = 8673CF67240BA95900BFE738 /* MessageCell.swift */; };
		8698039C243F90FD00763871 /* GoogleService-Info.plist in Resources */ = {isa = PBXBuildFile; fileRef = 8698039B243F90FD00763871 /* GoogleService-Info.plist */; };
		86C00C6B2440A30400F0A543 /* MessagesStorageManager.swift in Sources */ = {isa = PBXBuildFile; fileRef = 86C00C6A2440A30400F0A543 /* MessagesStorageManager.swift */; };
		86E19CD42438E37400F885B8 /* MessageObject.swift in Sources */ = {isa = PBXBuildFile; fileRef = 86E19CD32438E37400F885B8 /* MessageObject.swift */; };
		86E19CD62438E38F00F885B8 /* ChannelObject.swift in Sources */ = {isa = PBXBuildFile; fileRef = 86E19CD52438E38F00F885B8 /* ChannelObject.swift */; };
		86EE099C23F9B91700D03091 /* AppDelegate.swift in Sources */ = {isa = PBXBuildFile; fileRef = 86EE099B23F9B91700D03091 /* AppDelegate.swift */; };
		86EE09A323F9B91700D03091 /* Main.storyboard in Resources */ = {isa = PBXBuildFile; fileRef = 86EE09A123F9B91700D03091 /* Main.storyboard */; };
		86EE09A623F9B91700D03091 /* Chat.xcdatamodeld in Sources */ = {isa = PBXBuildFile; fileRef = 86EE09A423F9B91700D03091 /* Chat.xcdatamodeld */; };
		86EE09A823F9B91900D03091 /* Assets.xcassets in Resources */ = {isa = PBXBuildFile; fileRef = 86EE09A723F9B91900D03091 /* Assets.xcassets */; };
		86EE09AB23F9B91900D03091 /* LaunchScreen.storyboard in Resources */ = {isa = PBXBuildFile; fileRef = 86EE09A923F9B91900D03091 /* LaunchScreen.storyboard */; };
		86EE09B623F9B91A00D03091 /* ChatTests.swift in Sources */ = {isa = PBXBuildFile; fileRef = 86EE09B523F9B91A00D03091 /* ChatTests.swift */; };
		86FA8F2D2427AC9000BBE145 /* FirebaseService.swift in Sources */ = {isa = PBXBuildFile; fileRef = 86FA8F2C2427AC9000BBE145 /* FirebaseService.swift */; };
		AC4D66967EB3821DAB238FC3 /* Pods_Chat.framework in Frameworks */ = {isa = PBXBuildFile; fileRef = 166BE5FCFBEFF79BFF6A8A90 /* Pods_Chat.framework */; };
/* End PBXBuildFile section */

/* Begin PBXContainerItemProxy section */
		86EE09B223F9B91A00D03091 /* PBXContainerItemProxy */ = {
			isa = PBXContainerItemProxy;
			containerPortal = 86EE099023F9B91700D03091 /* Project object */;
			proxyType = 1;
			remoteGlobalIDString = 86EE099723F9B91700D03091;
			remoteInfo = Chat;
		};
/* End PBXContainerItemProxy section */

/* Begin PBXFileReference section */
		0BEAB69B1BC7397157344FCF /* Pods-Chat.debug.xcconfig */ = {isa = PBXFileReference; includeInIndex = 1; lastKnownFileType = text.xcconfig; name = "Pods-Chat.debug.xcconfig"; path = "Target Support Files/Pods-Chat/Pods-Chat.debug.xcconfig"; sourceTree = "<group>"; };
		166BE5FCFBEFF79BFF6A8A90 /* Pods_Chat.framework */ = {isa = PBXFileReference; explicitFileType = wrapper.framework; includeInIndex = 0; path = Pods_Chat.framework; sourceTree = BUILT_PRODUCTS_DIR; };
		2CE279D0807BD7DFDF36DEA3 /* Pods-ChatTests.debug.xcconfig */ = {isa = PBXFileReference; includeInIndex = 1; lastKnownFileType = text.xcconfig; name = "Pods-ChatTests.debug.xcconfig"; path = "Target Support Files/Pods-ChatTests/Pods-ChatTests.debug.xcconfig"; sourceTree = "<group>"; };
		4D3800FB8326AA19B32629A6 /* Pods-ChatTests.release.xcconfig */ = {isa = PBXFileReference; includeInIndex = 1; lastKnownFileType = text.xcconfig; name = "Pods-ChatTests.release.xcconfig"; path = "Target Support Files/Pods-ChatTests/Pods-ChatTests.release.xcconfig"; sourceTree = "<group>"; };
		502AC4380A047BF1E24DAE59 /* Pods-Chat.release.xcconfig */ = {isa = PBXFileReference; includeInIndex = 1; lastKnownFileType = text.xcconfig; name = "Pods-Chat.release.xcconfig"; path = "Target Support Files/Pods-Chat/Pods-Chat.release.xcconfig"; sourceTree = "<group>"; };
		71FAA72EEB14A9DCAEF1864F /* Pods_ChatTests.framework */ = {isa = PBXFileReference; explicitFileType = wrapper.framework; includeInIndex = 0; path = Pods_ChatTests.framework; sourceTree = BUILT_PRODUCTS_DIR; };
		861C51D8242F9ABB0097D908 /* User.swift */ = {isa = PBXFileReference; lastKnownFileType = sourcecode.swift; path = User.swift; sourceTree = "<group>"; };
		86294BC6240ADA94000638AA /* ConversationCell.swift */ = {isa = PBXFileReference; lastKnownFileType = sourcecode.swift; path = ConversationCell.swift; sourceTree = "<group>"; };
		863615932439465600B18D27 /* ChannelsStorageManager.swift */ = {isa = PBXFileReference; lastKnownFileType = sourcecode.swift; path = ChannelsStorageManager.swift; sourceTree = "<group>"; };
		864ED893242FF44700DD321F /* ConversationCell.xib */ = {isa = PBXFileReference; fileEncoding = 4; lastKnownFileType = file.xib; path = ConversationCell.xib; sourceTree = "<group>"; };
		864ED895242FF44D00DD321F /* ConversationsListViewController.swift */ = {isa = PBXFileReference; fileEncoding = 4; lastKnownFileType = sourcecode.swift; path = ConversationsListViewController.swift; sourceTree = "<group>"; };
		864ED897242FF45100DD321F /* ConversationViewController.swift */ = {isa = PBXFileReference; fileEncoding = 4; lastKnownFileType = sourcecode.swift; path = ConversationViewController.swift; sourceTree = "<group>"; };
		864ED899242FF45500DD321F /* MessageCell.xib */ = {isa = PBXFileReference; fileEncoding = 4; lastKnownFileType = file.xib; path = MessageCell.xib; sourceTree = "<group>"; };
		864ED89B242FF45B00DD321F /* NewChannelViewController.swift */ = {isa = PBXFileReference; fileEncoding = 4; lastKnownFileType = sourcecode.swift; path = NewChannelViewController.swift; sourceTree = "<group>"; };
		864ED89D242FF45E00DD321F /* ProfileViewController.swift */ = {isa = PBXFileReference; fileEncoding = 4; lastKnownFileType = sourcecode.swift; path = ProfileViewController.swift; sourceTree = "<group>"; };
		86514ED6242FA34E0060D62E /* PrifileStorageManager.swift */ = {isa = PBXFileReference; indentWidth = 5; lastKnownFileType = sourcecode.swift; path = PrifileStorageManager.swift; sourceTree = "<group>"; };
		8673CF67240BA95900BFE738 /* MessageCell.swift */ = {isa = PBXFileReference; lastKnownFileType = sourcecode.swift; path = MessageCell.swift; sourceTree = "<group>"; };
		8698039B243F90FD00763871 /* GoogleService-Info.plist */ = {isa = PBXFileReference; fileEncoding = 4; lastKnownFileType = text.plist.xml; path = "GoogleService-Info.plist"; sourceTree = "<group>"; };
		86C00C6A2440A30400F0A543 /* MessagesStorageManager.swift */ = {isa = PBXFileReference; lastKnownFileType = sourcecode.swift; path = MessagesStorageManager.swift; sourceTree = "<group>"; };
		86E19CD32438E37400F885B8 /* MessageObject.swift */ = {isa = PBXFileReference; lastKnownFileType = sourcecode.swift; path = MessageObject.swift; sourceTree = "<group>"; };
		86E19CD52438E38F00F885B8 /* ChannelObject.swift */ = {isa = PBXFileReference; lastKnownFileType = sourcecode.swift; path = ChannelObject.swift; sourceTree = "<group>"; };
		86EE099823F9B91700D03091 /* Chat.app */ = {isa = PBXFileReference; explicitFileType = wrapper.application; includeInIndex = 0; path = Chat.app; sourceTree = BUILT_PRODUCTS_DIR; };
		86EE099B23F9B91700D03091 /* AppDelegate.swift */ = {isa = PBXFileReference; lastKnownFileType = sourcecode.swift; path = AppDelegate.swift; sourceTree = "<group>"; };
		86EE09A223F9B91700D03091 /* Base */ = {isa = PBXFileReference; lastKnownFileType = file.storyboard; name = Base; path = Base.lproj/Main.storyboard; sourceTree = "<group>"; };
		86EE09A523F9B91700D03091 /* Chat.xcdatamodel */ = {isa = PBXFileReference; lastKnownFileType = wrapper.xcdatamodel; path = Chat.xcdatamodel; sourceTree = "<group>"; };
		86EE09A723F9B91900D03091 /* Assets.xcassets */ = {isa = PBXFileReference; lastKnownFileType = folder.assetcatalog; path = Assets.xcassets; sourceTree = "<group>"; };
		86EE09AA23F9B91900D03091 /* Base */ = {isa = PBXFileReference; lastKnownFileType = file.storyboard; name = Base; path = Base.lproj/LaunchScreen.storyboard; sourceTree = "<group>"; };
		86EE09AC23F9B91900D03091 /* Info.plist */ = {isa = PBXFileReference; lastKnownFileType = text.plist.xml; path = Info.plist; sourceTree = "<group>"; };
		86EE09B123F9B91A00D03091 /* ChatTests.xctest */ = {isa = PBXFileReference; explicitFileType = wrapper.cfbundle; includeInIndex = 0; path = ChatTests.xctest; sourceTree = BUILT_PRODUCTS_DIR; };
		86EE09B523F9B91A00D03091 /* ChatTests.swift */ = {isa = PBXFileReference; lastKnownFileType = sourcecode.swift; path = ChatTests.swift; sourceTree = "<group>"; };
		86EE09B723F9B91A00D03091 /* Info.plist */ = {isa = PBXFileReference; lastKnownFileType = text.plist.xml; path = Info.plist; sourceTree = "<group>"; };
		86FA8F2C2427AC9000BBE145 /* FirebaseService.swift */ = {isa = PBXFileReference; lastKnownFileType = sourcecode.swift; path = FirebaseService.swift; sourceTree = "<group>"; };
/* End PBXFileReference section */

/* Begin PBXFrameworksBuildPhase section */
		86EE099523F9B91700D03091 /* Frameworks */ = {
			isa = PBXFrameworksBuildPhase;
			buildActionMask = 2147483647;
			files = (
				AC4D66967EB3821DAB238FC3 /* Pods_Chat.framework in Frameworks */,
			);
			runOnlyForDeploymentPostprocessing = 0;
		};
		86EE09AE23F9B91A00D03091 /* Frameworks */ = {
			isa = PBXFrameworksBuildPhase;
			buildActionMask = 2147483647;
			files = (
				0FFB5C4138720EAA61BC0F65 /* Pods_ChatTests.framework in Frameworks */,
			);
			runOnlyForDeploymentPostprocessing = 0;
		};
/* End PBXFrameworksBuildPhase section */

/* Begin PBXGroup section */
		6CAFA535768AF6EA10C7147B /* Frameworks */ = {
			isa = PBXGroup;
			children = (
				166BE5FCFBEFF79BFF6A8A90 /* Pods_Chat.framework */,
				71FAA72EEB14A9DCAEF1864F /* Pods_ChatTests.framework */,
			);
			name = Frameworks;
			sourceTree = "<group>";
		};
		864ED89F242FF48F00DD321F /* Presentation */ = {
			isa = PBXGroup;
			children = (
				864ED899242FF45500DD321F /* MessageCell.xib */,
				864ED893242FF44700DD321F /* ConversationCell.xib */,
				864ED897242FF45100DD321F /* ConversationViewController.swift */,
				864ED895242FF44D00DD321F /* ConversationsListViewController.swift */,
				864ED89D242FF45E00DD321F /* ProfileViewController.swift */,
				864ED89B242FF45B00DD321F /* NewChannelViewController.swift */,
			);
			path = Presentation;
			sourceTree = "<group>";
		};
		86EE098F23F9B91700D03091 = {
			isa = PBXGroup;
			children = (
				86EE099A23F9B91700D03091 /* Chat */,
				86EE09B423F9B91A00D03091 /* ChatTests */,
				86EE099923F9B91700D03091 /* Products */,
				D28F317829F0AB1D45BE3D16 /* Pods */,
				6CAFA535768AF6EA10C7147B /* Frameworks */,
			);
			sourceTree = "<group>";
		};
		86EE099923F9B91700D03091 /* Products */ = {
			isa = PBXGroup;
			children = (
				86EE099823F9B91700D03091 /* Chat.app */,
				86EE09B123F9B91A00D03091 /* ChatTests.xctest */,
			);
			name = Products;
			sourceTree = "<group>";
		};
		86EE099A23F9B91700D03091 /* Chat */ = {
			isa = PBXGroup;
			children = (
				86EE09A123F9B91700D03091 /* Main.storyboard */,
				86EE09A923F9B91900D03091 /* LaunchScreen.storyboard */,
				864ED89F242FF48F00DD321F /* Presentation */,
				86FA8F312427F85200BBE145 /* Services */,
				86EE09A723F9B91900D03091 /* Assets.xcassets */,
				8698039B243F90FD00763871 /* GoogleService-Info.plist */,
				86EE09AC23F9B91900D03091 /* Info.plist */,
				86EE099B23F9B91700D03091 /* AppDelegate.swift */,
				86EE09A423F9B91700D03091 /* Chat.xcdatamodeld */,
			);
			path = Chat;
			sourceTree = "<group>";
		};
		86EE09B423F9B91A00D03091 /* ChatTests */ = {
			isa = PBXGroup;
			children = (
				86EE09B523F9B91A00D03091 /* ChatTests.swift */,
				86EE09B723F9B91A00D03091 /* Info.plist */,
			);
			path = ChatTests;
			sourceTree = "<group>";
		};
		86FA8F312427F85200BBE145 /* Services */ = {
			isa = PBXGroup;
			children = (
				86FA8F2C2427AC9000BBE145 /* FirebaseService.swift */,
				86514ED6242FA34E0060D62E /* PrifileStorageManager.swift */,
				861C51D8242F9ABB0097D908 /* User.swift */,
				86C00C6A2440A30400F0A543 /* MessagesStorageManager.swift */,
				86E19CD32438E37400F885B8 /* MessageObject.swift */,
				8673CF67240BA95900BFE738 /* MessageCell.swift */,
				863615932439465600B18D27 /* ChannelsStorageManager.swift */,
				86E19CD52438E38F00F885B8 /* ChannelObject.swift */,
				86294BC6240ADA94000638AA /* ConversationCell.swift */,
			);
			path = Services;
			sourceTree = "<group>";
		};
		D28F317829F0AB1D45BE3D16 /* Pods */ = {
			isa = PBXGroup;
			children = (
				0BEAB69B1BC7397157344FCF /* Pods-Chat.debug.xcconfig */,
				502AC4380A047BF1E24DAE59 /* Pods-Chat.release.xcconfig */,
				2CE279D0807BD7DFDF36DEA3 /* Pods-ChatTests.debug.xcconfig */,
				4D3800FB8326AA19B32629A6 /* Pods-ChatTests.release.xcconfig */,
			);
			path = Pods;
			sourceTree = "<group>";
		};
/* End PBXGroup section */

/* Begin PBXNativeTarget section */
		86EE099723F9B91700D03091 /* Chat */ = {
			isa = PBXNativeTarget;
			buildConfigurationList = 86EE09BA23F9B91A00D03091 /* Build configuration list for PBXNativeTarget "Chat" */;
			buildPhases = (
				CB6136A6E613FBB79236D8EB /* [CP] Check Pods Manifest.lock */,
				86EE099423F9B91700D03091 /* Sources */,
				86EE099523F9B91700D03091 /* Frameworks */,
				86EE099623F9B91700D03091 /* Resources */,
				CF6308DBA5AFA82431EEF211 /* [CP] Embed Pods Frameworks */,
			);
			buildRules = (
			);
			dependencies = (
			);
			name = Chat;
			productName = Chat;
			productReference = 86EE099823F9B91700D03091 /* Chat.app */;
			productType = "com.apple.product-type.application";
		};
		86EE09B023F9B91A00D03091 /* ChatTests */ = {
			isa = PBXNativeTarget;
			buildConfigurationList = 86EE09BD23F9B91A00D03091 /* Build configuration list for PBXNativeTarget "ChatTests" */;
			buildPhases = (
				59B24A11D0B8E92180A0764A /* [CP] Check Pods Manifest.lock */,
				86EE09AD23F9B91A00D03091 /* Sources */,
				86EE09AE23F9B91A00D03091 /* Frameworks */,
				86EE09AF23F9B91A00D03091 /* Resources */,
			);
			buildRules = (
			);
			dependencies = (
				86EE09B323F9B91A00D03091 /* PBXTargetDependency */,
			);
			name = ChatTests;
			productName = ChatTests;
			productReference = 86EE09B123F9B91A00D03091 /* ChatTests.xctest */;
			productType = "com.apple.product-type.bundle.unit-test";
		};
/* End PBXNativeTarget section */

/* Begin PBXProject section */
		86EE099023F9B91700D03091 /* Project object */ = {
			isa = PBXProject;
			attributes = {
				LastSwiftUpdateCheck = 1130;
				LastUpgradeCheck = 1130;
				ORGANIZATIONNAME = Vladislav;
				TargetAttributes = {
					86EE099723F9B91700D03091 = {
						CreatedOnToolsVersion = 11.3.1;
					};
					86EE09B023F9B91A00D03091 = {
						CreatedOnToolsVersion = 11.3.1;
						TestTargetID = 86EE099723F9B91700D03091;
					};
				};
			};
			buildConfigurationList = 86EE099323F9B91700D03091 /* Build configuration list for PBXProject "Chat" */;
			compatibilityVersion = "Xcode 9.3";
			developmentRegion = en;
			hasScannedForEncodings = 0;
			knownRegions = (
				en,
				Base,
			);
			mainGroup = 86EE098F23F9B91700D03091;
			productRefGroup = 86EE099923F9B91700D03091 /* Products */;
			projectDirPath = "";
			projectRoot = "";
			targets = (
				86EE099723F9B91700D03091 /* Chat */,
				86EE09B023F9B91A00D03091 /* ChatTests */,
			);
		};
/* End PBXProject section */

/* Begin PBXResourcesBuildPhase section */
		86EE099623F9B91700D03091 /* Resources */ = {
			isa = PBXResourcesBuildPhase;
			buildActionMask = 2147483647;
			files = (
				86EE09AB23F9B91900D03091 /* LaunchScreen.storyboard in Resources */,
				864ED89A242FF45500DD321F /* MessageCell.xib in Resources */,
				86EE09A823F9B91900D03091 /* Assets.xcassets in Resources */,
				86EE09A323F9B91700D03091 /* Main.storyboard in Resources */,
				864ED894242FF44700DD321F /* ConversationCell.xib in Resources */,
				8698039C243F90FD00763871 /* GoogleService-Info.plist in Resources */,
			);
			runOnlyForDeploymentPostprocessing = 0;
		};
		86EE09AF23F9B91A00D03091 /* Resources */ = {
			isa = PBXResourcesBuildPhase;
			buildActionMask = 2147483647;
			files = (
			);
			runOnlyForDeploymentPostprocessing = 0;
		};
/* End PBXResourcesBuildPhase section */

/* Begin PBXShellScriptBuildPhase section */
		59B24A11D0B8E92180A0764A /* [CP] Check Pods Manifest.lock */ = {
			isa = PBXShellScriptBuildPhase;
			buildActionMask = 2147483647;
			files = (
			);
			inputFileListPaths = (
			);
			inputPaths = (
				"${PODS_PODFILE_DIR_PATH}/Podfile.lock",
				"${PODS_ROOT}/Manifest.lock",
			);
			name = "[CP] Check Pods Manifest.lock";
			outputFileListPaths = (
			);
			outputPaths = (
				"$(DERIVED_FILE_DIR)/Pods-ChatTests-checkManifestLockResult.txt",
			);
			runOnlyForDeploymentPostprocessing = 0;
			shellPath = /bin/sh;
			shellScript = "diff \"${PODS_PODFILE_DIR_PATH}/Podfile.lock\" \"${PODS_ROOT}/Manifest.lock\" > /dev/null\nif [ $? != 0 ] ; then\n    # print error to STDERR\n    echo \"error: The sandbox is not in sync with the Podfile.lock. Run 'pod install' or update your CocoaPods installation.\" >&2\n    exit 1\nfi\n# This output is used by Xcode 'outputs' to avoid re-running this script phase.\necho \"SUCCESS\" > \"${SCRIPT_OUTPUT_FILE_0}\"\n";
			showEnvVarsInLog = 0;
		};
		CB6136A6E613FBB79236D8EB /* [CP] Check Pods Manifest.lock */ = {
			isa = PBXShellScriptBuildPhase;
			buildActionMask = 2147483647;
			files = (
			);
			inputFileListPaths = (
			);
			inputPaths = (
				"${PODS_PODFILE_DIR_PATH}/Podfile.lock",
				"${PODS_ROOT}/Manifest.lock",
			);
			name = "[CP] Check Pods Manifest.lock";
			outputFileListPaths = (
			);
			outputPaths = (
				"$(DERIVED_FILE_DIR)/Pods-Chat-checkManifestLockResult.txt",
			);
			runOnlyForDeploymentPostprocessing = 0;
			shellPath = /bin/sh;
			shellScript = "diff \"${PODS_PODFILE_DIR_PATH}/Podfile.lock\" \"${PODS_ROOT}/Manifest.lock\" > /dev/null\nif [ $? != 0 ] ; then\n    # print error to STDERR\n    echo \"error: The sandbox is not in sync with the Podfile.lock. Run 'pod install' or update your CocoaPods installation.\" >&2\n    exit 1\nfi\n# This output is used by Xcode 'outputs' to avoid re-running this script phase.\necho \"SUCCESS\" > \"${SCRIPT_OUTPUT_FILE_0}\"\n";
			showEnvVarsInLog = 0;
		};
		CF6308DBA5AFA82431EEF211 /* [CP] Embed Pods Frameworks */ = {
			isa = PBXShellScriptBuildPhase;
			buildActionMask = 2147483647;
			files = (
			);
			inputFileListPaths = (
				"${PODS_ROOT}/Target Support Files/Pods-Chat/Pods-Chat-frameworks-${CONFIGURATION}-input-files.xcfilelist",
			);
			name = "[CP] Embed Pods Frameworks";
			outputFileListPaths = (
				"${PODS_ROOT}/Target Support Files/Pods-Chat/Pods-Chat-frameworks-${CONFIGURATION}-output-files.xcfilelist",
			);
			runOnlyForDeploymentPostprocessing = 0;
			shellPath = /bin/sh;
			shellScript = "\"${PODS_ROOT}/Target Support Files/Pods-Chat/Pods-Chat-frameworks.sh\"\n";
			showEnvVarsInLog = 0;
		};
/* End PBXShellScriptBuildPhase section */

/* Begin PBXSourcesBuildPhase section */
		86EE099423F9B91700D03091 /* Sources */ = {
			isa = PBXSourcesBuildPhase;
			buildActionMask = 2147483647;
			files = (
				86FA8F2D2427AC9000BBE145 /* FirebaseService.swift in Sources */,
				864ED896242FF44D00DD321F /* ConversationsListViewController.swift in Sources */,
				86C00C6B2440A30400F0A543 /* MessagesStorageManager.swift in Sources */,
				8673CF69240BA95900BFE738 /* MessageCell.swift in Sources */,
				86294BC8240ADA94000638AA /* ConversationCell.swift in Sources */,
				861C51D9242F9ABB0097D908 /* User.swift in Sources */,
				86EE09A623F9B91700D03091 /* Chat.xcdatamodeld in Sources */,
				86E19CD42438E37400F885B8 /* MessageObject.swift in Sources */,
				86EE099C23F9B91700D03091 /* AppDelegate.swift in Sources */,
				86E19CD62438E38F00F885B8 /* ChannelObject.swift in Sources */,
				864ED898242FF45100DD321F /* ConversationViewController.swift in Sources */,
				864ED89E242FF45F00DD321F /* ProfileViewController.swift in Sources */,
				86514ED7242FA34E0060D62E /* PrifileStorageManager.swift in Sources */,
				864ED89C242FF45B00DD321F /* NewChannelViewController.swift in Sources */,
				863615942439465600B18D27 /* ChannelsStorageManager.swift in Sources */,
			);
			runOnlyForDeploymentPostprocessing = 0;
		};
		86EE09AD23F9B91A00D03091 /* Sources */ = {
			isa = PBXSourcesBuildPhase;
			buildActionMask = 2147483647;
			files = (
				86EE09B623F9B91A00D03091 /* ChatTests.swift in Sources */,
			);
			runOnlyForDeploymentPostprocessing = 0;
		};
/* End PBXSourcesBuildPhase section */

/* Begin PBXTargetDependency section */
		86EE09B323F9B91A00D03091 /* PBXTargetDependency */ = {
			isa = PBXTargetDependency;
			target = 86EE099723F9B91700D03091 /* Chat */;
			targetProxy = 86EE09B223F9B91A00D03091 /* PBXContainerItemProxy */;
		};
/* End PBXTargetDependency section */

/* Begin PBXVariantGroup section */
		86EE09A123F9B91700D03091 /* Main.storyboard */ = {
			isa = PBXVariantGroup;
			children = (
				86EE09A223F9B91700D03091 /* Base */,
			);
			name = Main.storyboard;
			sourceTree = "<group>";
		};
		86EE09A923F9B91900D03091 /* LaunchScreen.storyboard */ = {
			isa = PBXVariantGroup;
			children = (
				86EE09AA23F9B91900D03091 /* Base */,
			);
			name = LaunchScreen.storyboard;
			sourceTree = "<group>";
		};
/* End PBXVariantGroup section */

/* Begin XCBuildConfiguration section */
		86EE09B823F9B91A00D03091 /* Debug */ = {
			isa = XCBuildConfiguration;
			buildSettings = {
				ALWAYS_SEARCH_USER_PATHS = NO;
				CLANG_ANALYZER_NONNULL = YES;
				CLANG_ANALYZER_NUMBER_OBJECT_CONVERSION = YES_AGGRESSIVE;
				CLANG_CXX_LANGUAGE_STANDARD = "gnu++14";
				CLANG_CXX_LIBRARY = "libc++";
				CLANG_ENABLE_MODULES = YES;
				CLANG_ENABLE_OBJC_ARC = YES;
				CLANG_ENABLE_OBJC_WEAK = YES;
				CLANG_WARN_BLOCK_CAPTURE_AUTORELEASING = YES;
				CLANG_WARN_BOOL_CONVERSION = YES;
				CLANG_WARN_COMMA = YES;
				CLANG_WARN_CONSTANT_CONVERSION = YES;
				CLANG_WARN_DEPRECATED_OBJC_IMPLEMENTATIONS = YES;
				CLANG_WARN_DIRECT_OBJC_ISA_USAGE = YES_ERROR;
				CLANG_WARN_DOCUMENTATION_COMMENTS = YES;
				CLANG_WARN_EMPTY_BODY = YES;
				CLANG_WARN_ENUM_CONVERSION = YES;
				CLANG_WARN_INFINITE_RECURSION = YES;
				CLANG_WARN_INT_CONVERSION = YES;
				CLANG_WARN_NON_LITERAL_NULL_CONVERSION = YES;
				CLANG_WARN_OBJC_IMPLICIT_RETAIN_SELF = YES;
				CLANG_WARN_OBJC_LITERAL_CONVERSION = YES;
				CLANG_WARN_OBJC_ROOT_CLASS = YES_ERROR;
				CLANG_WARN_RANGE_LOOP_ANALYSIS = YES;
				CLANG_WARN_STRICT_PROTOTYPES = YES;
				CLANG_WARN_SUSPICIOUS_MOVE = YES;
				CLANG_WARN_UNGUARDED_AVAILABILITY = YES_AGGRESSIVE;
				CLANG_WARN_UNREACHABLE_CODE = YES;
				CLANG_WARN__DUPLICATE_METHOD_MATCH = YES;
				COPY_PHASE_STRIP = NO;
				DEBUG_INFORMATION_FORMAT = dwarf;
				ENABLE_STRICT_OBJC_MSGSEND = YES;
				ENABLE_TESTABILITY = YES;
				GCC_C_LANGUAGE_STANDARD = gnu11;
				GCC_DYNAMIC_NO_PIC = NO;
				GCC_NO_COMMON_BLOCKS = YES;
				GCC_OPTIMIZATION_LEVEL = 0;
				GCC_PREPROCESSOR_DEFINITIONS = (
					"DEBUG=1",
					"$(inherited)",
				);
				GCC_WARN_64_TO_32_BIT_CONVERSION = YES;
				GCC_WARN_ABOUT_RETURN_TYPE = YES_ERROR;
				GCC_WARN_UNDECLARED_SELECTOR = YES;
				GCC_WARN_UNINITIALIZED_AUTOS = YES_AGGRESSIVE;
				GCC_WARN_UNUSED_FUNCTION = YES;
				GCC_WARN_UNUSED_VARIABLE = YES;
				IPHONEOS_DEPLOYMENT_TARGET = 13.2;
				MTL_ENABLE_DEBUG_INFO = INCLUDE_SOURCE;
				MTL_FAST_MATH = YES;
				ONLY_ACTIVE_ARCH = YES;
				OTHER_LDFLAGS = "";
				SDKROOT = iphoneos;
				SWIFT_ACTIVE_COMPILATION_CONDITIONS = DEBUG;
				SWIFT_OPTIMIZATION_LEVEL = "-Onone";
			};
			name = Debug;
		};
		86EE09B923F9B91A00D03091 /* Release */ = {
			isa = XCBuildConfiguration;
			buildSettings = {
				ALWAYS_SEARCH_USER_PATHS = NO;
				CLANG_ANALYZER_NONNULL = YES;
				CLANG_ANALYZER_NUMBER_OBJECT_CONVERSION = YES_AGGRESSIVE;
				CLANG_CXX_LANGUAGE_STANDARD = "gnu++14";
				CLANG_CXX_LIBRARY = "libc++";
				CLANG_ENABLE_MODULES = YES;
				CLANG_ENABLE_OBJC_ARC = YES;
				CLANG_ENABLE_OBJC_WEAK = YES;
				CLANG_WARN_BLOCK_CAPTURE_AUTORELEASING = YES;
				CLANG_WARN_BOOL_CONVERSION = YES;
				CLANG_WARN_COMMA = YES;
				CLANG_WARN_CONSTANT_CONVERSION = YES;
				CLANG_WARN_DEPRECATED_OBJC_IMPLEMENTATIONS = YES;
				CLANG_WARN_DIRECT_OBJC_ISA_USAGE = YES_ERROR;
				CLANG_WARN_DOCUMENTATION_COMMENTS = YES;
				CLANG_WARN_EMPTY_BODY = YES;
				CLANG_WARN_ENUM_CONVERSION = YES;
				CLANG_WARN_INFINITE_RECURSION = YES;
				CLANG_WARN_INT_CONVERSION = YES;
				CLANG_WARN_NON_LITERAL_NULL_CONVERSION = YES;
				CLANG_WARN_OBJC_IMPLICIT_RETAIN_SELF = YES;
				CLANG_WARN_OBJC_LITERAL_CONVERSION = YES;
				CLANG_WARN_OBJC_ROOT_CLASS = YES_ERROR;
				CLANG_WARN_RANGE_LOOP_ANALYSIS = YES;
				CLANG_WARN_STRICT_PROTOTYPES = YES;
				CLANG_WARN_SUSPICIOUS_MOVE = YES;
				CLANG_WARN_UNGUARDED_AVAILABILITY = YES_AGGRESSIVE;
				CLANG_WARN_UNREACHABLE_CODE = YES;
				CLANG_WARN__DUPLICATE_METHOD_MATCH = YES;
				COPY_PHASE_STRIP = NO;
				DEBUG_INFORMATION_FORMAT = "dwarf-with-dsym";
				ENABLE_NS_ASSERTIONS = NO;
				ENABLE_STRICT_OBJC_MSGSEND = YES;
				GCC_C_LANGUAGE_STANDARD = gnu11;
				GCC_NO_COMMON_BLOCKS = YES;
				GCC_WARN_64_TO_32_BIT_CONVERSION = YES;
				GCC_WARN_ABOUT_RETURN_TYPE = YES_ERROR;
				GCC_WARN_UNDECLARED_SELECTOR = YES;
				GCC_WARN_UNINITIALIZED_AUTOS = YES_AGGRESSIVE;
				GCC_WARN_UNUSED_FUNCTION = YES;
				GCC_WARN_UNUSED_VARIABLE = YES;
				IPHONEOS_DEPLOYMENT_TARGET = 13.2;
				MTL_ENABLE_DEBUG_INFO = NO;
				MTL_FAST_MATH = YES;
				OTHER_LDFLAGS = "";
				SDKROOT = iphoneos;
				SWIFT_COMPILATION_MODE = wholemodule;
				SWIFT_OPTIMIZATION_LEVEL = "-O";
				VALIDATE_PRODUCT = YES;
			};
			name = Release;
		};
		86EE09BB23F9B91A00D03091 /* Debug */ = {
			isa = XCBuildConfiguration;
			baseConfigurationReference = 0BEAB69B1BC7397157344FCF /* Pods-Chat.debug.xcconfig */;
			buildSettings = {
				ASSETCATALOG_COMPILER_APPICON_NAME = AppIcon;
				CODE_SIGN_IDENTITY = "Apple Development";
				CODE_SIGN_STYLE = Automatic;
				DEVELOPMENT_TEAM = 3DK6S8779M;
				INFOPLIST_FILE = Chat/Info.plist;
				IPHONEOS_DEPLOYMENT_TARGET = 11.0;
				LD_RUNPATH_SEARCH_PATHS = (
					"$(inherited)",
					"@executable_path/Frameworks",
				);
				PRODUCT_BUNDLE_IDENTIFIER = ru.tinkoff.messenger;
				PRODUCT_NAME = Chat;
				PROVISIONING_PROFILE_SPECIFIER = "";
				SWIFT_VERSION = 5.0;
				TARGETED_DEVICE_FAMILY = 1;
			};
			name = Debug;
		};
		86EE09BC23F9B91A00D03091 /* Release */ = {
			isa = XCBuildConfiguration;
			baseConfigurationReference = 502AC4380A047BF1E24DAE59 /* Pods-Chat.release.xcconfig */;
			buildSettings = {
				ASSETCATALOG_COMPILER_APPICON_NAME = AppIcon;
				CODE_SIGN_IDENTITY = "Apple Development";
				CODE_SIGN_STYLE = Automatic;
				DEVELOPMENT_TEAM = 3DK6S8779M;
				INFOPLIST_FILE = Chat/Info.plist;
				IPHONEOS_DEPLOYMENT_TARGET = 11.0;
				LD_RUNPATH_SEARCH_PATHS = (
					"$(inherited)",
					"@executable_path/Frameworks",
				);
				PRODUCT_BUNDLE_IDENTIFIER = ru.tinkoff.messenger;
				PRODUCT_NAME = Chat;
				PROVISIONING_PROFILE_SPECIFIER = "";
				SWIFT_VERSION = 5.0;
				TARGETED_DEVICE_FAMILY = 1;
			};
			name = Release;
		};
		86EE09BE23F9B91A00D03091 /* Debug */ = {
			isa = XCBuildConfiguration;
			baseConfigurationReference = 2CE279D0807BD7DFDF36DEA3 /* Pods-ChatTests.debug.xcconfig */;
			buildSettings = {
				ALWAYS_EMBED_SWIFT_STANDARD_LIBRARIES = YES;
				BUNDLE_LOADER = "$(TEST_HOST)";
				CODE_SIGN_STYLE = Automatic;
				DEVELOPMENT_TEAM = 3DK6S8779M;
				INFOPLIST_FILE = ChatTests/Info.plist;
				IPHONEOS_DEPLOYMENT_TARGET = 13.2;
				LD_RUNPATH_SEARCH_PATHS = (
					"$(inherited)",
					"@executable_path/Frameworks",
					"@loader_path/Frameworks",
				);
				PRODUCT_BUNDLE_IDENTIFIER = vgrokhotov.ChatTests;
				PRODUCT_NAME = "$(TARGET_NAME)";
				SWIFT_VERSION = 5.0;
				TARGETED_DEVICE_FAMILY = "1,2";
				TEST_HOST = "$(BUILT_PRODUCTS_DIR)/Chat.app/Chat";
			};
			name = Debug;
		};
		86EE09BF23F9B91A00D03091 /* Release */ = {
			isa = XCBuildConfiguration;
			baseConfigurationReference = 4D3800FB8326AA19B32629A6 /* Pods-ChatTests.release.xcconfig */;
			buildSettings = {
				ALWAYS_EMBED_SWIFT_STANDARD_LIBRARIES = YES;
				BUNDLE_LOADER = "$(TEST_HOST)";
				CODE_SIGN_STYLE = Automatic;
				DEVELOPMENT_TEAM = 3DK6S8779M;
				INFOPLIST_FILE = ChatTests/Info.plist;
				IPHONEOS_DEPLOYMENT_TARGET = 13.2;
				LD_RUNPATH_SEARCH_PATHS = (
					"$(inherited)",
					"@executable_path/Frameworks",
					"@loader_path/Frameworks",
				);
				PRODUCT_BUNDLE_IDENTIFIER = vgrokhotov.ChatTests;
				PRODUCT_NAME = "$(TARGET_NAME)";
				SWIFT_VERSION = 5.0;
				TARGETED_DEVICE_FAMILY = "1,2";
				TEST_HOST = "$(BUILT_PRODUCTS_DIR)/Chat.app/Chat";
			};
			name = Release;
		};
/* End XCBuildConfiguration section */

/* Begin XCConfigurationList section */
		86EE099323F9B91700D03091 /* Build configuration list for PBXProject "Chat" */ = {
			isa = XCConfigurationList;
			buildConfigurations = (
				86EE09B823F9B91A00D03091 /* Debug */,
				86EE09B923F9B91A00D03091 /* Release */,
			);
			defaultConfigurationIsVisible = 0;
			defaultConfigurationName = Release;
		};
		86EE09BA23F9B91A00D03091 /* Build configuration list for PBXNativeTarget "Chat" */ = {
			isa = XCConfigurationList;
			buildConfigurations = (
				86EE09BB23F9B91A00D03091 /* Debug */,
				86EE09BC23F9B91A00D03091 /* Release */,
			);
			defaultConfigurationIsVisible = 0;
			defaultConfigurationName = Release;
		};
		86EE09BD23F9B91A00D03091 /* Build configuration list for PBXNativeTarget "ChatTests" */ = {
			isa = XCConfigurationList;
			buildConfigurations = (
				86EE09BE23F9B91A00D03091 /* Debug */,
				86EE09BF23F9B91A00D03091 /* Release */,
			);
			defaultConfigurationIsVisible = 0;
			defaultConfigurationName = Release;
		};
/* End XCConfigurationList section */

/* Begin XCVersionGroup section */
		86EE09A423F9B91700D03091 /* Chat.xcdatamodeld */ = {
			isa = XCVersionGroup;
			children = (
				86EE09A523F9B91700D03091 /* Chat.xcdatamodel */,
			);
			currentVersion = 86EE09A523F9B91700D03091 /* Chat.xcdatamodel */;
			path = Chat.xcdatamodeld;
			sourceTree = "<group>";
			versionGroupType = wrapper.xcdatamodel;
		};
/* End XCVersionGroup section */
	};
	rootObject = 86EE099023F9B91700D03091 /* Project object */;
}
